
Microsoft Visual Studio Solution File, Format Version 11.00
# Visual Studio 2010
Project("{FAE04EC0-301F-11D3-BF4B-00C04F79EFBC}") = "HigherAuthorityNotifications", "HigherAuthorityNotifications\HigherAuthorityNotifications.csproj", "{620D27D4-6739-4E49-8D9A-370A241F3DE9}"
EndProject
Project("{54435603-DBB4-11D2-8724-00A0C9A8B90C}") = "HigherAuthorityNotificationSetup", "HigherAuthorityNotificationSetup\HigherAuthorityNotificationSetup.vdproj", "{D0DCF4D7-9139-4880-9383-DAE2EEBC106F}"
EndProject
Global
	GlobalSection(SolutionConfigurationPlatforms) = preSolution
		Debug|x86 = Debug|x86
		Release|x86 = Release|x86
	EndGlobalSection
	GlobalSection(ProjectConfigurationPlatforms) = postSolution
		{620D27D4-6739-4E49-8D9A-370A241F3DE9}.Debug|x86.ActiveCfg = Debug|x86
		{620D27D4-6739-4E49-8D9A-370A241F3DE9}.Debug|x86.Build.0 = Debug|x86
		{620D27D4-6739-4E49-8D9A-370A241F3DE9}.Release|x86.ActiveCfg = Release|x86
		{620D27D4-6739-4E49-8D9A-370A241F3DE9}.Release|x86.Build.0 = Release|x86
		{D0DCF4D7-9139-4880-9383-DAE2EEBC106F}.Debug|x86.ActiveCfg = Debug
		{D0DCF4D7-9139-4880-9383-DAE2EEBC106F}.Release|x86.ActiveCfg = Release
	EndGlobalSection
	GlobalSection(SolutionProperties) = preSolution
		HideSolutionNode = FALSE
	EndGlobalSection
EndGlobal
